
Microsoft Visual Studio Solution File, Format Version 12.00
# Visual Studio Version 17
VisualStudioVersion = 17.4.33213.308
MinimumVisualStudioVersion = 10.0.40219.1
Project("{FAE04EC0-301F-11D3-BF4B-00C04F79EFBC}") = "PatanWalks", "PatanWalks\PatanWalks.csproj", "{0CDECE42-FBA8-447F-A113-F887F8DC4916}"
EndProject
Global
	GlobalSection(SolutionConfigurationPlatforms) = preSolution
		Debug|Any CPU = Debug|Any CPU
		Release|Any CPU = Release|Any CPU
	EndGlobalSection
	GlobalSection(ProjectConfigurationPlatforms) = postSolution
		{0CDECE42-FBA8-447F-A113-F887F8DC4916}.Debug|Any CPU.ActiveCfg = Debug|Any CPU
		{0CDECE42-FBA8-447F-A113-F887F8DC4916}.Debug|Any CPU.Build.0 = Debug|Any CPU
		{0CDECE42-FBA8-447F-A113-F887F8DC4916}.Release|Any CPU.ActiveCfg = Release|Any CPU
		{0CDECE42-FBA8-447F-A113-F887F8DC4916}.Release|Any CPU.Build.0 = Release|Any CPU
	EndGlobalSection
	GlobalSection(SolutionProperties) = preSolution
		HideSolutionNode = FALSE
	EndGlobalSection
	GlobalSection(ExtensibilityGlobals) = postSolution
		SolutionGuid = {5C3360C2-C560-45C0-99B7-EC780BE81F93}
	EndGlobalSection
EndGlobal
